// !$*UTF8*$!
{
	archiveVersion = 1;
	classes = {
	};
	objectVersion = 46;
	objects = {

/* Begin PBXBuildFile section */
		5D003C731CF8212800503892 /* MKAnnotationView+WebCache.m in Sources */ = {isa = PBXBuildFile; fileRef = 5D003C5D1CF8212800503892 /* MKAnnotationView+WebCache.m */; };
		5D003C741CF8212800503892 /* SDImageCache.m in Sources */ = {isa = PBXBuildFile; fileRef = 5D003C5F1CF8212800503892 /* SDImageCache.m */; };
		5D003C751CF8212800503892 /* SDWebImageCompat.m in Sources */ = {isa = PBXBuildFile; fileRef = 5D003C611CF8212800503892 /* SDWebImageCompat.m */; };
		5D003C761CF8212800503892 /* SDWebImageDecoder.m in Sources */ = {isa = PBXBuildFile; fileRef = 5D003C631CF8212800503892 /* SDWebImageDecoder.m */; };
		5D003C771CF8212800503892 /* SDWebImageDownloader.m in Sources */ = {isa = PBXBuildFile; fileRef = 5D003C651CF8212800503892 /* SDWebImageDownloader.m */; };
		5D003C781CF8212800503892 /* SDWebImageDownloaderOperation.m in Sources */ = {isa = PBXBuildFile; fileRef = 5D003C671CF8212800503892 /* SDWebImageDownloaderOperation.m */; };
		5D003C791CF8212800503892 /* SDWebImageManager.m in Sources */ = {isa = PBXBuildFile; fileRef = 5D003C691CF8212800503892 /* SDWebImageManager.m */; };
		5D003C7A1CF8212800503892 /* SDWebImagePrefetcher.m in Sources */ = {isa = PBXBuildFile; fileRef = 5D003C6C1CF8212800503892 /* SDWebImagePrefetcher.m */; };
		5D003C7B1CF8212800503892 /* UIButton+WebCache.m in Sources */ = {isa = PBXBuildFile; fileRef = 5D003C6E1CF8212800503892 /* UIButton+WebCache.m */; };
		5D003C7C1CF8212800503892 /* UIImage+Scale.m in Sources */ = {isa = PBXBuildFile; fileRef = 5D003C701CF8212800503892 /* UIImage+Scale.m */; };
		5D003C7D1CF8212800503892 /* UIImageView+WebCache.m in Sources */ = {isa = PBXBuildFile; fileRef = 5D003C721CF8212800503892 /* UIImageView+WebCache.m */; };
		5D003C801CF8214000503892 /* UIViewAdditions.m in Sources */ = {isa = PBXBuildFile; fileRef = 5D003C7F1CF8214000503892 /* UIViewAdditions.m */; };
		5D003C831CF822F300503892 /* ZZPhoto.m in Sources */ = {isa = PBXBuildFile; fileRef = 5D003C821CF822F300503892 /* ZZPhoto.m */; };
		5D003C861CF82B4400503892 /* ZZPhotoBrowser.m in Sources */ = {isa = PBXBuildFile; fileRef = 5D003C851CF82B4400503892 /* ZZPhotoBrowser.m */; };
		5D003C891CF82CB000503892 /* ZZPhotoCell.m in Sources */ = {isa = PBXBuildFile; fileRef = 5D003C881CF82CB000503892 /* ZZPhotoCell.m */; };
		5D003C8C1CF82D0800503892 /* BrowserImageView.m in Sources */ = {isa = PBXBuildFile; fileRef = 5D003C8B1CF82D0800503892 /* BrowserImageView.m */; };
		5DF429381CF6E4A400DD5C66 /* main.m in Sources */ = {isa = PBXBuildFile; fileRef = 5DF429371CF6E4A400DD5C66 /* main.m */; };
		5DF4293B1CF6E4A400DD5C66 /* AppDelegate.m in Sources */ = {isa = PBXBuildFile; fileRef = 5DF4293A1CF6E4A400DD5C66 /* AppDelegate.m */; };
		5DF4293E1CF6E4A400DD5C66 /* ViewController.m in Sources */ = {isa = PBXBuildFile; fileRef = 5DF4293D1CF6E4A400DD5C66 /* ViewController.m */; };
		5DF429411CF6E4A400DD5C66 /* Main.storyboard in Resources */ = {isa = PBXBuildFile; fileRef = 5DF4293F1CF6E4A400DD5C66 /* Main.storyboard */; };
		5DF429431CF6E4A400DD5C66 /* Assets.xcassets in Resources */ = {isa = PBXBuildFile; fileRef = 5DF429421CF6E4A400DD5C66 /* Assets.xcassets */; };
		5DF429461CF6E4A400DD5C66 /* LaunchScreen.storyboard in Resources */ = {isa = PBXBuildFile; fileRef = 5DF429441CF6E4A400DD5C66 /* LaunchScreen.storyboard */; };
		5DF429511CF6E4A400DD5C66 /* ZZPhotoBrowserTests.m in Sources */ = {isa = PBXBuildFile; fileRef = 5DF429501CF6E4A400DD5C66 /* ZZPhotoBrowserTests.m */; };
		5DF4295C1CF6E4A400DD5C66 /* ZZPhotoBrowserUITests.m in Sources */ = {isa = PBXBuildFile; fileRef = 5DF4295B1CF6E4A400DD5C66 /* ZZPhotoBrowserUITests.m */; };
/* End PBXBuildFile section */

/* Begin PBXContainerItemProxy section */
		5DF4294D1CF6E4A400DD5C66 /* PBXContainerItemProxy */ = {
			isa = PBXContainerItemProxy;
			containerPortal = 5DF4292B1CF6E4A400DD5C66 /* Project object */;
			proxyType = 1;
			remoteGlobalIDString = 5DF429321CF6E4A400DD5C66;
			remoteInfo = ZZPhotoBrowser;
		};
		5DF429581CF6E4A400DD5C66 /* PBXContainerItemProxy */ = {
			isa = PBXContainerItemProxy;
			containerPortal = 5DF4292B1CF6E4A400DD5C66 /* Project object */;
			proxyType = 1;
			remoteGlobalIDString = 5DF429321CF6E4A400DD5C66;
			remoteInfo = ZZPhotoBrowser;
		};
/* End PBXContainerItemProxy section */

/* Begin PBXFileReference section */
		5D003C5C1CF8212800503892 /* MKAnnotationView+WebCache.h */ = {isa = PBXFileReference; fileEncoding = 4; lastKnownFileType = sourcecode.c.h; path = "MKAnnotationView+WebCache.h"; sourceTree = "<group>"; };
		5D003C5D1CF8212800503892 /* MKAnnotationView+WebCache.m */ = {isa = PBXFileReference; fileEncoding = 4; lastKnownFileType = sourcecode.c.objc; path = "MKAnnotationView+WebCache.m"; sourceTree = "<group>"; };
		5D003C5E1CF8212800503892 /* SDImageCache.h */ = {isa = PBXFileReference; fileEncoding = 4; lastKnownFileType = sourcecode.c.h; path = SDImageCache.h; sourceTree = "<group>"; };
		5D003C5F1CF8212800503892 /* SDImageCache.m */ = {isa = PBXFileReference; fileEncoding = 4; lastKnownFileType = sourcecode.c.objc; path = SDImageCache.m; sourceTree = "<group>"; };
		5D003C601CF8212800503892 /* SDWebImageCompat.h */ = {isa = PBXFileReference; fileEncoding = 4; lastKnownFileType = sourcecode.c.h; path = SDWebImageCompat.h; sourceTree = "<group>"; };
		5D003C611CF8212800503892 /* SDWebImageCompat.m */ = {isa = PBXFileReference; fileEncoding = 4; lastKnownFileType = sourcecode.c.objc; path = SDWebImageCompat.m; sourceTree = "<group>"; };
		5D003C621CF8212800503892 /* SDWebImageDecoder.h */ = {isa = PBXFileReference; fileEncoding = 4; lastKnownFileType = sourcecode.c.h; path = SDWebImageDecoder.h; sourceTree = "<group>"; };
		5D003C631CF8212800503892 /* SDWebImageDecoder.m */ = {isa = PBXFileReference; fileEncoding = 4; lastKnownFileType = sourcecode.c.objc; path = SDWebImageDecoder.m; sourceTree = "<group>"; };
		5D003C641CF8212800503892 /* SDWebImageDownloader.h */ = {isa = PBXFileReference; fileEncoding = 4; lastKnownFileType = sourcecode.c.h; path = SDWebImageDownloader.h; sourceTree = "<group>"; };
		5D003C651CF8212800503892 /* SDWebImageDownloader.m */ = {isa = PBXFileReference; fileEncoding = 4; lastKnownFileType = sourcecode.c.objc; path = SDWebImageDownloader.m; sourceTree = "<group>"; };
		5D003C661CF8212800503892 /* SDWebImageDownloaderOperation.h */ = {isa = PBXFileReference; fileEncoding = 4; lastKnownFileType = sourcecode.c.h; path = SDWebImageDownloaderOperation.h; sourceTree = "<group>"; };
		5D003C671CF8212800503892 /* SDWebImageDownloaderOperation.m */ = {isa = PBXFileReference; fileEncoding = 4; lastKnownFileType = sourcecode.c.objc; path = SDWebImageDownloaderOperation.m; sourceTree = "<group>"; };
		5D003C681CF8212800503892 /* SDWebImageManager.h */ = {isa = PBXFileReference; fileEncoding = 4; lastKnownFileType = sourcecode.c.h; path = SDWebImageManager.h; sourceTree = "<group>"; };
		5D003C691CF8212800503892 /* SDWebImageManager.m */ = {isa = PBXFileReference; fileEncoding = 4; lastKnownFileType = sourcecode.c.objc; path = SDWebImageManager.m; sourceTree = "<group>"; };
		5D003C6A1CF8212800503892 /* SDWebImageOperation.h */ = {isa = PBXFileReference; fileEncoding = 4; lastKnownFileType = sourcecode.c.h; path = SDWebImageOperation.h; sourceTree = "<group>"; };
		5D003C6B1CF8212800503892 /* SDWebImagePrefetcher.h */ = {isa = PBXFileReference; fileEncoding = 4; lastKnownFileType = sourcecode.c.h; path = SDWebImagePrefetcher.h; sourceTree = "<group>"; };
		5D003C6C1CF8212800503892 /* SDWebImagePrefetcher.m */ = {isa = PBXFileReference; fileEncoding = 4; lastKnownFileType = sourcecode.c.objc; path = SDWebImagePrefetcher.m; sourceTree = "<group>"; };
		5D003C6D1CF8212800503892 /* UIButton+WebCache.h */ = {isa = PBXFileReference; fileEncoding = 4; lastKnownFileType = sourcecode.c.h; path = "UIButton+WebCache.h"; sourceTree = "<group>"; };
		5D003C6E1CF8212800503892 /* UIButton+WebCache.m */ = {isa = PBXFileReference; fileEncoding = 4; lastKnownFileType = sourcecode.c.objc; path = "UIButton+WebCache.m"; sourceTree = "<group>"; };
		5D003C6F1CF8212800503892 /* UIImage+Scale.h */ = {isa = PBXFileReference; fileEncoding = 4; lastKnownFileType = sourcecode.c.h; path = "UIImage+Scale.h"; sourceTree = "<group>"; };
		5D003C701CF8212800503892 /* UIImage+Scale.m */ = {isa = PBXFileReference; fileEncoding = 4; lastKnownFileType = sourcecode.c.objc; path = "UIImage+Scale.m"; sourceTree = "<group>"; };
		5D003C711CF8212800503892 /* UIImageView+WebCache.h */ = {isa = PBXFileReference; fileEncoding = 4; lastKnownFileType = sourcecode.c.h; path = "UIImageView+WebCache.h"; sourceTree = "<group>"; };
		5D003C721CF8212800503892 /* UIImageView+WebCache.m */ = {isa = PBXFileReference; fileEncoding = 4; lastKnownFileType = sourcecode.c.objc; path = "UIImageView+WebCache.m"; sourceTree = "<group>"; };
		5D003C7E1CF8214000503892 /* UIViewAdditions.h */ = {isa = PBXFileReference; fileEncoding = 4; lastKnownFileType = sourcecode.c.h; path = UIViewAdditions.h; sourceTree = "<group>"; };
		5D003C7F1CF8214000503892 /* UIViewAdditions.m */ = {isa = PBXFileReference; fileEncoding = 4; lastKnownFileType = sourcecode.c.objc; path = UIViewAdditions.m; sourceTree = "<group>"; };
		5D003C811CF822F300503892 /* ZZPhoto.h */ = {isa = PBXFileReference; fileEncoding = 4; lastKnownFileType = sourcecode.c.h; path = ZZPhoto.h; sourceTree = "<group>"; };
		5D003C821CF822F300503892 /* ZZPhoto.m */ = {isa = PBXFileReference; fileEncoding = 4; lastKnownFileType = sourcecode.c.objc; path = ZZPhoto.m; sourceTree = "<group>"; };
		5D003C841CF82B4400503892 /* ZZPhotoBrowser.h */ = {isa = PBXFileReference; fileEncoding = 4; lastKnownFileType = sourcecode.c.h; path = ZZPhotoBrowser.h; sourceTree = "<group>"; };
		5D003C851CF82B4400503892 /* ZZPhotoBrowser.m */ = {isa = PBXFileReference; fileEncoding = 4; lastKnownFileType = sourcecode.c.objc; path = ZZPhotoBrowser.m; sourceTree = "<group>"; };
		5D003C871CF82CB000503892 /* ZZPhotoCell.h */ = {isa = PBXFileReference; fileEncoding = 4; lastKnownFileType = sourcecode.c.h; path = ZZPhotoCell.h; sourceTree = "<group>"; };
		5D003C881CF82CB000503892 /* ZZPhotoCell.m */ = {isa = PBXFileReference; fileEncoding = 4; lastKnownFileType = sourcecode.c.objc; path = ZZPhotoCell.m; sourceTree = "<group>"; };
		5D003C8A1CF82D0800503892 /* BrowserImageView.h */ = {isa = PBXFileReference; fileEncoding = 4; lastKnownFileType = sourcecode.c.h; path = BrowserImageView.h; sourceTree = "<group>"; };
		5D003C8B1CF82D0800503892 /* BrowserImageView.m */ = {isa = PBXFileReference; fileEncoding = 4; lastKnownFileType = sourcecode.c.objc; path = BrowserImageView.m; sourceTree = "<group>"; };
		5DF429331CF6E4A400DD5C66 /* ZZPhotoBrowser.app */ = {isa = PBXFileReference; explicitFileType = wrapper.application; includeInIndex = 0; path = ZZPhotoBrowser.app; sourceTree = BUILT_PRODUCTS_DIR; };
		5DF429371CF6E4A400DD5C66 /* main.m */ = {isa = PBXFileReference; lastKnownFileType = sourcecode.c.objc; name = main.m; path = ../main.m; sourceTree = "<group>"; };
		5DF429391CF6E4A400DD5C66 /* AppDelegate.h */ = {isa = PBXFileReference; lastKnownFileType = sourcecode.c.h; name = AppDelegate.h; path = ../AppDelegate.h; sourceTree = "<group>"; };
		5DF4293A1CF6E4A400DD5C66 /* AppDelegate.m */ = {isa = PBXFileReference; lastKnownFileType = sourcecode.c.objc; name = AppDelegate.m; path = ../AppDelegate.m; sourceTree = "<group>"; };
		5DF4293C1CF6E4A400DD5C66 /* ViewController.h */ = {isa = PBXFileReference; lastKnownFileType = sourcecode.c.h; name = ViewController.h; path = ../ViewController.h; sourceTree = "<group>"; };
		5DF4293D1CF6E4A400DD5C66 /* ViewController.m */ = {isa = PBXFileReference; lastKnownFileType = sourcecode.c.objc; name = ViewController.m; path = ../ViewController.m; sourceTree = "<group>"; };
		5DF429401CF6E4A400DD5C66 /* Base */ = {isa = PBXFileReference; lastKnownFileType = file.storyboard; name = Base; path = Base.lproj/Main.storyboard; sourceTree = "<group>"; };
		5DF429421CF6E4A400DD5C66 /* Assets.xcassets */ = {isa = PBXFileReference; lastKnownFileType = folder.assetcatalog; name = Assets.xcassets; path = ../Assets.xcassets; sourceTree = "<group>"; };
		5DF429451CF6E4A400DD5C66 /* Base */ = {isa = PBXFileReference; lastKnownFileType = file.storyboard; name = Base; path = Base.lproj/LaunchScreen.storyboard; sourceTree = "<group>"; };
		5DF429471CF6E4A400DD5C66 /* Info.plist */ = {isa = PBXFileReference; lastKnownFileType = text.plist.xml; name = Info.plist; path = ../Info.plist; sourceTree = "<group>"; };
		5DF4294C1CF6E4A400DD5C66 /* ZZPhotoBrowserTests.xctest */ = {isa = PBXFileReference; explicitFileType = wrapper.cfbundle; includeInIndex = 0; path = ZZPhotoBrowserTests.xctest; sourceTree = BUILT_PRODUCTS_DIR; };
		5DF429501CF6E4A400DD5C66 /* ZZPhotoBrowserTests.m */ = {isa = PBXFileReference; lastKnownFileType = sourcecode.c.objc; path = ZZPhotoBrowserTests.m; sourceTree = "<group>"; };
		5DF429521CF6E4A400DD5C66 /* Info.plist */ = {isa = PBXFileReference; lastKnownFileType = text.plist.xml; path = Info.plist; sourceTree = "<group>"; };
		5DF429571CF6E4A400DD5C66 /* ZZPhotoBrowserUITests.xctest */ = {isa = PBXFileReference; explicitFileType = wrapper.cfbundle; includeInIndex = 0; path = ZZPhotoBrowserUITests.xctest; sourceTree = BUILT_PRODUCTS_DIR; };
		5DF4295B1CF6E4A400DD5C66 /* ZZPhotoBrowserUITests.m */ = {isa = PBXFileReference; lastKnownFileType = sourcecode.c.objc; path = ZZPhotoBrowserUITests.m; sourceTree = "<group>"; };
		5DF4295D1CF6E4A400DD5C66 /* Info.plist */ = {isa = PBXFileReference; lastKnownFileType = text.plist.xml; path = Info.plist; sourceTree = "<group>"; };
/* End PBXFileReference section */

/* Begin PBXFrameworksBuildPhase section */
		5DF429301CF6E4A400DD5C66 /* Frameworks */ = {
			isa = PBXFrameworksBuildPhase;
			buildActionMask = 2147483647;
			files = (
			);
			runOnlyForDeploymentPostprocessing = 0;
		};
		5DF429491CF6E4A400DD5C66 /* Frameworks */ = {
			isa = PBXFrameworksBuildPhase;
			buildActionMask = 2147483647;
			files = (
			);
			runOnlyForDeploymentPostprocessing = 0;
		};
		5DF429541CF6E4A400DD5C66 /* Frameworks */ = {
			isa = PBXFrameworksBuildPhase;
			buildActionMask = 2147483647;
			files = (
			);
			runOnlyForDeploymentPostprocessing = 0;
		};
/* End PBXFrameworksBuildPhase section */

/* Begin PBXGroup section */
		5D003C571CF81F1600503892 /* ZZPhotoBrowser */ = {
			isa = PBXGroup;
			children = (
				5D003C591CF820BE00503892 /* SDWebImage */,
				5D003C7E1CF8214000503892 /* UIViewAdditions.h */,
				5D003C7F1CF8214000503892 /* UIViewAdditions.m */,
				5D003C811CF822F300503892 /* ZZPhoto.h */,
				5D003C821CF822F300503892 /* ZZPhoto.m */,
				5D003C841CF82B4400503892 /* ZZPhotoBrowser.h */,
				5D003C851CF82B4400503892 /* ZZPhotoBrowser.m */,
				5D003C871CF82CB000503892 /* ZZPhotoCell.h */,
				5D003C881CF82CB000503892 /* ZZPhotoCell.m */,
				5D003C8A1CF82D0800503892 /* BrowserImageView.h */,
				5D003C8B1CF82D0800503892 /* BrowserImageView.m */,
			);
			name = ZZPhotoBrowser;
			sourceTree = "<group>";
		};
		5D003C591CF820BE00503892 /* SDWebImage */ = {
			isa = PBXGroup;
			children = (
				5D003C5C1CF8212800503892 /* MKAnnotationView+WebCache.h */,
				5D003C5D1CF8212800503892 /* MKAnnotationView+WebCache.m */,
				5D003C5E1CF8212800503892 /* SDImageCache.h */,
				5D003C5F1CF8212800503892 /* SDImageCache.m */,
				5D003C601CF8212800503892 /* SDWebImageCompat.h */,
				5D003C611CF8212800503892 /* SDWebImageCompat.m */,
				5D003C621CF8212800503892 /* SDWebImageDecoder.h */,
				5D003C631CF8212800503892 /* SDWebImageDecoder.m */,
				5D003C641CF8212800503892 /* SDWebImageDownloader.h */,
				5D003C651CF8212800503892 /* SDWebImageDownloader.m */,
				5D003C661CF8212800503892 /* SDWebImageDownloaderOperation.h */,
				5D003C671CF8212800503892 /* SDWebImageDownloaderOperation.m */,
				5D003C681CF8212800503892 /* SDWebImageManager.h */,
				5D003C691CF8212800503892 /* SDWebImageManager.m */,
				5D003C6A1CF8212800503892 /* SDWebImageOperation.h */,
				5D003C6B1CF8212800503892 /* SDWebImagePrefetcher.h */,
				5D003C6C1CF8212800503892 /* SDWebImagePrefetcher.m */,
				5D003C6D1CF8212800503892 /* UIButton+WebCache.h */,
				5D003C6E1CF8212800503892 /* UIButton+WebCache.m */,
				5D003C6F1CF8212800503892 /* UIImage+Scale.h */,
				5D003C701CF8212800503892 /* UIImage+Scale.m */,
				5D003C711CF8212800503892 /* UIImageView+WebCache.h */,
				5D003C721CF8212800503892 /* UIImageView+WebCache.m */,
			);
			path = SDWebImage;
			sourceTree = "<group>";
		};
		5DF4292A1CF6E4A400DD5C66 = {
			isa = PBXGroup;
			children = (
				5DF429351CF6E4A400DD5C66 /* ZZPhotoBrowser */,
				5DF4294F1CF6E4A400DD5C66 /* ZZPhotoBrowserTests */,
				5DF4295A1CF6E4A400DD5C66 /* ZZPhotoBrowserUITests */,
				5DF429341CF6E4A400DD5C66 /* Products */,
			);
			sourceTree = "<group>";
		};
		5DF429341CF6E4A400DD5C66 /* Products */ = {
			isa = PBXGroup;
			children = (
				5DF429331CF6E4A400DD5C66 /* ZZPhotoBrowser.app */,
				5DF4294C1CF6E4A400DD5C66 /* ZZPhotoBrowserTests.xctest */,
				5DF429571CF6E4A400DD5C66 /* ZZPhotoBrowserUITests.xctest */,
			);
			name = Products;
			sourceTree = "<group>";
		};
		5DF429351CF6E4A400DD5C66 /* ZZPhotoBrowser */ = {
			isa = PBXGroup;
			children = (
				5D003C571CF81F1600503892 /* ZZPhotoBrowser */,
				5DF429391CF6E4A400DD5C66 /* AppDelegate.h */,
				5DF4293A1CF6E4A400DD5C66 /* AppDelegate.m */,
				5DF4293C1CF6E4A400DD5C66 /* ViewController.h */,
				5DF4293D1CF6E4A400DD5C66 /* ViewController.m */,
				5DF4293F1CF6E4A400DD5C66 /* Main.storyboard */,
				5DF429421CF6E4A400DD5C66 /* Assets.xcassets */,
				5DF429441CF6E4A400DD5C66 /* LaunchScreen.storyboard */,
				5DF429471CF6E4A400DD5C66 /* Info.plist */,
				5DF429361CF6E4A400DD5C66 /* Supporting Files */,
			);
			name = ZZPhotoBrowser;
			path = ZZPhotoBrowser/ZZPhotoBrowser;
			sourceTree = "<group>";
		};
		5DF429361CF6E4A400DD5C66 /* Supporting Files */ = {
			isa = PBXGroup;
			children = (
				5DF429371CF6E4A400DD5C66 /* main.m */,
			);
			name = "Supporting Files";
			sourceTree = "<group>";
		};
		5DF4294F1CF6E4A400DD5C66 /* ZZPhotoBrowserTests */ = {
			isa = PBXGroup;
			children = (
				5DF429501CF6E4A400DD5C66 /* ZZPhotoBrowserTests.m */,
				5DF429521CF6E4A400DD5C66 /* Info.plist */,
			);
			path = ZZPhotoBrowserTests;
			sourceTree = "<group>";
		};
		5DF4295A1CF6E4A400DD5C66 /* ZZPhotoBrowserUITests */ = {
			isa = PBXGroup;
			children = (
				5DF4295B1CF6E4A400DD5C66 /* ZZPhotoBrowserUITests.m */,
				5DF4295D1CF6E4A400DD5C66 /* Info.plist */,
			);
			path = ZZPhotoBrowserUITests;
			sourceTree = "<group>";
		};
/* End PBXGroup section */

/* Begin PBXNativeTarget section */
		5DF429321CF6E4A400DD5C66 /* ZZPhotoBrowser */ = {
			isa = PBXNativeTarget;
			buildConfigurationList = 5DF429601CF6E4A400DD5C66 /* Build configuration list for PBXNativeTarget "ZZPhotoBrowser" */;
			buildPhases = (
				5DF4292F1CF6E4A400DD5C66 /* Sources */,
				5DF429301CF6E4A400DD5C66 /* Frameworks */,
				5DF429311CF6E4A400DD5C66 /* Resources */,
			);
			buildRules = (
			);
			dependencies = (
			);
			name = ZZPhotoBrowser;
			productName = ZZPhotoBrowser;
			productReference = 5DF429331CF6E4A400DD5C66 /* ZZPhotoBrowser.app */;
			productType = "com.apple.product-type.application";
		};
		5DF4294B1CF6E4A400DD5C66 /* ZZPhotoBrowserTests */ = {
			isa = PBXNativeTarget;
			buildConfigurationList = 5DF429631CF6E4A400DD5C66 /* Build configuration list for PBXNativeTarget "ZZPhotoBrowserTests" */;
			buildPhases = (
				5DF429481CF6E4A400DD5C66 /* Sources */,
				5DF429491CF6E4A400DD5C66 /* Frameworks */,
				5DF4294A1CF6E4A400DD5C66 /* Resources */,
			);
			buildRules = (
			);
			dependencies = (
				5DF4294E1CF6E4A400DD5C66 /* PBXTargetDependency */,
			);
			name = ZZPhotoBrowserTests;
			productName = ZZPhotoBrowserTests;
			productReference = 5DF4294C1CF6E4A400DD5C66 /* ZZPhotoBrowserTests.xctest */;
			productType = "com.apple.product-type.bundle.unit-test";
		};
		5DF429561CF6E4A400DD5C66 /* ZZPhotoBrowserUITests */ = {
			isa = PBXNativeTarget;
			buildConfigurationList = 5DF429661CF6E4A400DD5C66 /* Build configuration list for PBXNativeTarget "ZZPhotoBrowserUITests" */;
			buildPhases = (
				5DF429531CF6E4A400DD5C66 /* Sources */,
				5DF429541CF6E4A400DD5C66 /* Frameworks */,
				5DF429551CF6E4A400DD5C66 /* Resources */,
			);
			buildRules = (
			);
			dependencies = (
				5DF429591CF6E4A400DD5C66 /* PBXTargetDependency */,
			);
			name = ZZPhotoBrowserUITests;
			productName = ZZPhotoBrowserUITests;
			productReference = 5DF429571CF6E4A400DD5C66 /* ZZPhotoBrowserUITests.xctest */;
			productType = "com.apple.product-type.bundle.ui-testing";
		};
/* End PBXNativeTarget section */

/* Begin PBXProject section */
		5DF4292B1CF6E4A400DD5C66 /* Project object */ = {
			isa = PBXProject;
			attributes = {
				LastUpgradeCheck = 0730;
				ORGANIZATIONNAME = zziazm;
				TargetAttributes = {
					5DF429321CF6E4A400DD5C66 = {
						CreatedOnToolsVersion = 7.3;
						DevelopmentTeam = 4QQ73282F5;
					};
					5DF4294B1CF6E4A400DD5C66 = {
						CreatedOnToolsVersion = 7.3;
						DevelopmentTeam = 4QQ73282F5;
						TestTargetID = 5DF429321CF6E4A400DD5C66;
					};
					5DF429561CF6E4A400DD5C66 = {
						CreatedOnToolsVersion = 7.3;
						DevelopmentTeam = 4QQ73282F5;
						TestTargetID = 5DF429321CF6E4A400DD5C66;
					};
				};
			};
			buildConfigurationList = 5DF4292E1CF6E4A400DD5C66 /* Build configuration list for PBXProject "ZZPhotoBrowser" */;
			compatibilityVersion = "Xcode 3.2";
			developmentRegion = English;
			hasScannedForEncodings = 0;
			knownRegions = (
				en,
				Base,
			);
			mainGroup = 5DF4292A1CF6E4A400DD5C66;
			productRefGroup = 5DF429341CF6E4A400DD5C66 /* Products */;
			projectDirPath = "";
			projectRoot = "";
			targets = (
				5DF429321CF6E4A400DD5C66 /* ZZPhotoBrowser */,
				5DF4294B1CF6E4A400DD5C66 /* ZZPhotoBrowserTests */,
				5DF429561CF6E4A400DD5C66 /* ZZPhotoBrowserUITests */,
			);
		};
/* End PBXProject section */

/* Begin PBXResourcesBuildPhase section */
		5DF429311CF6E4A400DD5C66 /* Resources */ = {
			isa = PBXResourcesBuildPhase;
			buildActionMask = 2147483647;
			files = (
				5DF429461CF6E4A400DD5C66 /* LaunchScreen.storyboard in Resources */,
				5DF429431CF6E4A400DD5C66 /* Assets.xcassets in Resources */,
				5DF429411CF6E4A400DD5C66 /* Main.storyboard in Resources */,
			);
			runOnlyForDeploymentPostprocessing = 0;
		};
		5DF4294A1CF6E4A400DD5C66 /* Resources */ = {
			isa = PBXResourcesBuildPhase;
			buildActionMask = 2147483647;
			files = (
			);
			runOnlyForDeploymentPostprocessing = 0;
		};
		5DF429551CF6E4A400DD5C66 /* Resources */ = {
			isa = PBXResourcesBuildPhase;
			buildActionMask = 2147483647;
			files = (
			);
			runOnlyForDeploymentPostprocessing = 0;
		};
/* End PBXResourcesBuildPhase section */

/* Begin PBXSourcesBuildPhase section */
		5DF4292F1CF6E4A400DD5C66 /* Sources */ = {
			isa = PBXSourcesBuildPhase;
			buildActionMask = 2147483647;
			files = (
				5D003C771CF8212800503892 /* SDWebImageDownloader.m in Sources */,
				5D003C7B1CF8212800503892 /* UIButton+WebCache.m in Sources */,
				5D003C831CF822F300503892 /* ZZPhoto.m in Sources */,
				5D003C7C1CF8212800503892 /* UIImage+Scale.m in Sources */,
				5D003C8C1CF82D0800503892 /* BrowserImageView.m in Sources */,
				5D003C861CF82B4400503892 /* ZZPhotoBrowser.m in Sources */,
				5D003C761CF8212800503892 /* SDWebImageDecoder.m in Sources */,
				5D003C7D1CF8212800503892 /* UIImageView+WebCache.m in Sources */,
				5DF4293E1CF6E4A400DD5C66 /* ViewController.m in Sources */,
				5D003C751CF8212800503892 /* SDWebImageCompat.m in Sources */,
				5D003C731CF8212800503892 /* MKAnnotationView+WebCache.m in Sources */,
				5DF4293B1CF6E4A400DD5C66 /* AppDelegate.m in Sources */,
				5D003C781CF8212800503892 /* SDWebImageDownloaderOperation.m in Sources */,
				5D003C791CF8212800503892 /* SDWebImageManager.m in Sources */,
				5D003C801CF8214000503892 /* UIViewAdditions.m in Sources */,
				5D003C891CF82CB000503892 /* ZZPhotoCell.m in Sources */,
				5D003C7A1CF8212800503892 /* SDWebImagePrefetcher.m in Sources */,
				5DF429381CF6E4A400DD5C66 /* main.m in Sources */,
				5D003C741CF8212800503892 /* SDImageCache.m in Sources */,
			);
			runOnlyForDeploymentPostprocessing = 0;
		};
		5DF429481CF6E4A400DD5C66 /* Sources */ = {
			isa = PBXSourcesBuildPhase;
			buildActionMask = 2147483647;
			files = (
				5DF429511CF6E4A400DD5C66 /* ZZPhotoBrowserTests.m in Sources */,
			);
			runOnlyForDeploymentPostprocessing = 0;
		};
		5DF429531CF6E4A400DD5C66 /* Sources */ = {
			isa = PBXSourcesBuildPhase;
			buildActionMask = 2147483647;
			files = (
				5DF4295C1CF6E4A400DD5C66 /* ZZPhotoBrowserUITests.m in Sources */,
			);
			runOnlyForDeploymentPostprocessing = 0;
		};
/* End PBXSourcesBuildPhase section */

/* Begin PBXTargetDependency section */
		5DF4294E1CF6E4A400DD5C66 /* PBXTargetDependency */ = {
			isa = PBXTargetDependency;
			target = 5DF429321CF6E4A400DD5C66 /* ZZPhotoBrowser */;
			targetProxy = 5DF4294D1CF6E4A400DD5C66 /* PBXContainerItemProxy */;
		};
		5DF429591CF6E4A400DD5C66 /* PBXTargetDependency */ = {
			isa = PBXTargetDependency;
			target = 5DF429321CF6E4A400DD5C66 /* ZZPhotoBrowser */;
			targetProxy = 5DF429581CF6E4A400DD5C66 /* PBXContainerItemProxy */;
		};
/* End PBXTargetDependency section */

/* Begin PBXVariantGroup section */
		5DF4293F1CF6E4A400DD5C66 /* Main.storyboard */ = {
			isa = PBXVariantGroup;
			children = (
				5DF429401CF6E4A400DD5C66 /* Base */,
			);
			name = Main.storyboard;
			path = ..;
			sourceTree = "<group>";
		};
		5DF429441CF6E4A400DD5C66 /* LaunchScreen.storyboard */ = {
			isa = PBXVariantGroup;
			children = (
				5DF429451CF6E4A400DD5C66 /* Base */,
			);
			name = LaunchScreen.storyboard;
			path = ..;
			sourceTree = "<group>";
		};
/* End PBXVariantGroup section */

/* Begin XCBuildConfiguration section */
		5DF4295E1CF6E4A400DD5C66 /* Debug */ = {
			isa = XCBuildConfiguration;
			buildSettings = {
				ALWAYS_SEARCH_USER_PATHS = NO;
				CLANG_ANALYZER_NONNULL = YES;
				CLANG_CXX_LANGUAGE_STANDARD = "gnu++0x";
				CLANG_CXX_LIBRARY = "libc++";
				CLANG_ENABLE_MODULES = YES;
				CLANG_ENABLE_OBJC_ARC = YES;
				CLANG_WARN_BOOL_CONVERSION = YES;
				CLANG_WARN_CONSTANT_CONVERSION = YES;
				CLANG_WARN_DIRECT_OBJC_ISA_USAGE = YES_ERROR;
				CLANG_WARN_EMPTY_BODY = YES;
				CLANG_WARN_ENUM_CONVERSION = YES;
				CLANG_WARN_INT_CONVERSION = YES;
				CLANG_WARN_OBJC_ROOT_CLASS = YES_ERROR;
				CLANG_WARN_UNREACHABLE_CODE = YES;
				CLANG_WARN__DUPLICATE_METHOD_MATCH = YES;
				"CODE_SIGN_IDENTITY[sdk=iphoneos*]" = "iPhone Developer";
				COPY_PHASE_STRIP = NO;
				DEBUG_INFORMATION_FORMAT = dwarf;
				ENABLE_STRICT_OBJC_MSGSEND = YES;
				ENABLE_TESTABILITY = YES;
				GCC_C_LANGUAGE_STANDARD = gnu99;
				GCC_DYNAMIC_NO_PIC = NO;
				GCC_NO_COMMON_BLOCKS = YES;
				GCC_OPTIMIZATION_LEVEL = 0;
				GCC_PREPROCESSOR_DEFINITIONS = (
					"DEBUG=1",
					"$(inherited)",
				);
				GCC_WARN_64_TO_32_BIT_CONVERSION = YES;
				GCC_WARN_ABOUT_RETURN_TYPE = YES_ERROR;
				GCC_WARN_UNDECLARED_SELECTOR = YES;
				GCC_WARN_UNINITIALIZED_AUTOS = YES_AGGRESSIVE;
				GCC_WARN_UNUSED_FUNCTION = YES;
				GCC_WARN_UNUSED_VARIABLE = YES;
				IPHONEOS_DEPLOYMENT_TARGET = 9.3;
				MTL_ENABLE_DEBUG_INFO = YES;
				ONLY_ACTIVE_ARCH = YES;
				SDKROOT = iphoneos;
				TARGETED_DEVICE_FAMILY = "1,2";
			};
			name = Debug;
		};
		5DF4295F1CF6E4A400DD5C66 /* Release */ = {
			isa = XCBuildConfiguration;
			buildSettings = {
				ALWAYS_SEARCH_USER_PATHS = NO;
				CLANG_ANALYZER_NONNULL = YES;
				CLANG_CXX_LANGUAGE_STANDARD = "gnu++0x";
				CLANG_CXX_LIBRARY = "libc++";
				CLANG_ENABLE_MODULES = YES;
				CLANG_ENABLE_OBJC_ARC = YES;
				CLANG_WARN_BOOL_CONVERSION = YES;
				CLANG_WARN_CONSTANT_CONVERSION = YES;
				CLANG_WARN_DIRECT_OBJC_ISA_USAGE = YES_ERROR;
				CLANG_WARN_EMPTY_BODY = YES;
				CLANG_WARN_ENUM_CONVERSION = YES;
				CLANG_WARN_INT_CONVERSION = YES;
				CLANG_WARN_OBJC_ROOT_CLASS = YES_ERROR;
				CLANG_WARN_UNREACHABLE_CODE = YES;
				CLANG_WARN__DUPLICATE_METHOD_MATCH = YES;
				"CODE_SIGN_IDENTITY[sdk=iphoneos*]" = "iPhone Developer";
				COPY_PHASE_STRIP = NO;
				DEBUG_INFORMATION_FORMAT = "dwarf-with-dsym";
				ENABLE_NS_ASSERTIONS = NO;
				ENABLE_STRICT_OBJC_MSGSEND = YES;
				GCC_C_LANGUAGE_STANDARD = gnu99;
				GCC_NO_COMMON_BLOCKS = YES;
				GCC_WARN_64_TO_32_BIT_CONVERSION = YES;
				GCC_WARN_ABOUT_RETURN_TYPE = YES_ERROR;
				GCC_WARN_UNDECLARED_SELECTOR = YES;
				GCC_WARN_UNINITIALIZED_AUTOS = YES_AGGRESSIVE;
				GCC_WARN_UNUSED_FUNCTION = YES;
				GCC_WARN_UNUSED_VARIABLE = YES;
				IPHONEOS_DEPLOYMENT_TARGET = 9.3;
				MTL_ENABLE_DEBUG_INFO = NO;
				SDKROOT = iphoneos;
				TARGETED_DEVICE_FAMILY = "1,2";
				VALIDATE_PRODUCT = YES;
			};
			name = Release;
		};
		5DF429611CF6E4A400DD5C66 /* Debug */ = {
			isa = XCBuildConfiguration;
			buildSettings = {
				ASSETCATALOG_COMPILER_APPICON_NAME = AppIcon;
				CODE_SIGN_IDENTITY = "iPhone Developer";
				INFOPLIST_FILE = ZZPhotoBrowser/Info.plist;
				IPHONEOS_DEPLOYMENT_TARGET = 8.0;
				LD_RUNPATH_SEARCH_PATHS = "$(inherited) @executable_path/Frameworks";
				PRODUCT_BUNDLE_IDENTIFIER = zzia.ZZPhotoBrowser;
				PRODUCT_NAME = "$(TARGET_NAME)";
			};
			name = Debug;
		};
		5DF429621CF6E4A400DD5C66 /* Release */ = {
			isa = XCBuildConfiguration;
			buildSettings = {
				ASSETCATALOG_COMPILER_APPICON_NAME = AppIcon;
				CODE_SIGN_IDENTITY = "iPhone Developer";
				INFOPLIST_FILE = ZZPhotoBrowser/Info.plist;
				IPHONEOS_DEPLOYMENT_TARGET = 8.0;
				LD_RUNPATH_SEARCH_PATHS = "$(inherited) @executable_path/Frameworks";
				PRODUCT_BUNDLE_IDENTIFIER = zzia.ZZPhotoBrowser;
				PRODUCT_NAME = "$(TARGET_NAME)";
			};
			name = Release;
		};
		5DF429641CF6E4A400DD5C66 /* Debug */ = {
			isa = XCBuildConfiguration;
			buildSettings = {
				BUNDLE_LOADER = "$(TEST_HOST)";
				INFOPLIST_FILE = ZZPhotoBrowserTests/Info.plist;
				LD_RUNPATH_SEARCH_PATHS = "$(inherited) @executable_path/Frameworks @loader_path/Frameworks";
				PRODUCT_BUNDLE_IDENTIFIER = zzia.ZZPhotoBrowserTests;
				PRODUCT_NAME = "$(TARGET_NAME)";
				TEST_HOST = "$(BUILT_PRODUCTS_DIR)/ZZPhotoBrowser.app/ZZPhotoBrowser";
			};
			name = Debug;
		};
		5DF429651CF6E4A400DD5C66 /* Release */ = {
			isa = XCBuildConfiguration;
			buildSettings = {
				BUNDLE_LOADER = "$(TEST_HOST)";
				INFOPLIST_FILE = ZZPhotoBrowserTests/Info.plist;
				LD_RUNPATH_SEARCH_PATHS = "$(inherited) @executable_path/Frameworks @loader_path/Frameworks";
				PRODUCT_BUNDLE_IDENTIFIER = zzia.ZZPhotoBrowserTests;
				PRODUCT_NAME = "$(TARGET_NAME)";
				TEST_HOST = "$(BUILT_PRODUCTS_DIR)/ZZPhotoBrowser.app/ZZPhotoBrowser";
			};
			name = Release;
		};
		5DF429671CF6E4A400DD5C66 /* Debug */ = {
			isa = XCBuildConfiguration;
			buildSettings = {
				INFOPLIST_FILE = ZZPhotoBrowserUITests/Info.plist;
				LD_RUNPATH_SEARCH_PATHS = "$(inherited) @executable_path/Frameworks @loader_path/Frameworks";
				PRODUCT_BUNDLE_IDENTIFIER = zzia.ZZPhotoBrowserUITests;
				PRODUCT_NAME = "$(TARGET_NAME)";
				TEST_TARGET_NAME = ZZPhotoBrowser;
			};
			name = Debug;
		};
		5DF429681CF6E4A400DD5C66 /* Release */ = {
			isa = XCBuildConfiguration;
			buildSettings = {
				INFOPLIST_FILE = ZZPhotoBrowserUITests/Info.plist;
				LD_RUNPATH_SEARCH_PATHS = "$(inherited) @executable_path/Frameworks @loader_path/Frameworks";
				PRODUCT_BUNDLE_IDENTIFIER = zzia.ZZPhotoBrowserUITests;
				PRODUCT_NAME = "$(TARGET_NAME)";
				TEST_TARGET_NAME = ZZPhotoBrowser;
			};
			name = Release;
		};
/* End XCBuildConfiguration section */

/* Begin XCConfigurationList section */
		5DF4292E1CF6E4A400DD5C66 /* Build configuration list for PBXProject "ZZPhotoBrowser" */ = {
			isa = XCConfigurationList;
			buildConfigurations = (
				5DF4295E1CF6E4A400DD5C66 /* Debug */,
				5DF4295F1CF6E4A400DD5C66 /* Release */,
			);
			defaultConfigurationIsVisible = 0;
			defaultConfigurationName = Release;
		};
		5DF429601CF6E4A400DD5C66 /* Build configuration list for PBXNativeTarget "ZZPhotoBrowser" */ = {
			isa = XCConfigurationList;
			buildConfigurations = (
				5DF429611CF6E4A400DD5C66 /* Debug */,
				5DF429621CF6E4A400DD5C66 /* Release */,
			);
			defaultConfigurationIsVisible = 0;
			defaultConfigurationName = Release;
		};
		5DF429631CF6E4A400DD5C66 /* Build configuration list for PBXNativeTarget "ZZPhotoBrowserTests" */ = {
			isa = XCConfigurationList;
			buildConfigurations = (
				5DF429641CF6E4A400DD5C66 /* Debug */,
				5DF429651CF6E4A400DD5C66 /* Release */,
			);
			defaultConfigurationIsVisible = 0;
			defaultConfigurationName = Release;
		};
		5DF429661CF6E4A400DD5C66 /* Build configuration list for PBXNativeTarget "ZZPhotoBrowserUITests" */ = {
			isa = XCConfigurationList;
			buildConfigurations = (
				5DF429671CF6E4A400DD5C66 /* Debug */,
				5DF429681CF6E4A400DD5C66 /* Release */,
			);
			defaultConfigurationIsVisible = 0;
			defaultConfigurationName = Release;
		};
/* End XCConfigurationList section */
	};
	rootObject = 5DF4292B1CF6E4A400DD5C66 /* Project object */;
}
